
Microsoft Visual Studio Solution File, Format Version 12.00
# Visual Studio Version 16
VisualStudioVersion = 16.0.31025.194
MinimumVisualStudioVersion = 10.0.40219.1
Project("{8BC9CEB8-8B4A-11D0-8D11-00A0C91BC942}") = "SystemMenu", "SystemMenu.vcxproj", "{0D0CC63A-183B-4F73-9CD4-F53620DBB263}"
EndProject
Global
	GlobalSection(SolutionConfigurationPlatforms) = preSolution
		Debug|x64 = Debug|x64
		Debug|x86 = Debug|x86
		Release|x64 = Release|x64
		Release|x86 = Release|x86
	EndGlobalSection
	GlobalSection(ProjectConfigurationPlatforms) = postSolution
		{0D0CC63A-183B-4F73-9CD4-F53620DBB263}.Debug|x64.ActiveCfg = Debug|x64
		{0D0CC63A-183B-4F73-9CD4-F53620DBB263}.Debug|x64.Build.0 = Debug|x64
		{0D0CC63A-183B-4F73-9CD4-F53620DBB263}.Debug|x86.ActiveCfg = Debug|Win32
		{0D0CC63A-183B-4F73-9CD4-F53620DBB263}.Debug|x86.Build.0 = Debug|Win32
		{0D0CC63A-183B-4F73-9CD4-F53620DBB263}.Release|x64.ActiveCfg = Release|x64
		{0D0CC63A-183B-4F73-9CD4-F53620DBB263}.Release|x64.Build.0 = Release|x64
		{0D0CC63A-183B-4F73-9CD4-F53620DBB263}.Release|x86.ActiveCfg = Release|Win32
		{0D0CC63A-183B-4F73-9CD4-F53620DBB263}.Release|x86.Build.0 = Release|Win32
	EndGlobalSection
	GlobalSection(SolutionProperties) = preSolution
		HideSolutionNode = FALSE
	EndGlobalSection
	GlobalSection(ExtensibilityGlobals) = postSolution
		SolutionGuid = {DC12DF23-38CF-46AF-9240-049C9E6EAF1F}
	EndGlobalSection
EndGlobal
